
Microsoft Visual Studio Solution File, Format Version 12.00
# Visual Studio Version 16
VisualStudioVersion = 16.0.30104.148
MinimumVisualStudioVersion = 10.0.40219.1
Project("{2150E333-8FDC-42A3-9474-1A3956D46DE8}") = "RepoRoot", "RepoRoot", "{7E8A0840-9A41-49BE-9BB9-42D64DE4C69C}"
	ProjectSection(SolutionItems) = preProject
		..\appveyor.yml = ..\appveyor.yml
		..\CODE_OF_CONDUCT.md = ..\CODE_OF_CONDUCT.md
		..\CONTRIBUTING.md = ..\CONTRIBUTING.md
		..\LICENSE.txt = ..\LICENSE.txt
		..\README.md = ..\README.md
	EndProjectSection
EndProject
Project("{FAE04EC0-301F-11D3-BF4B-00C04F79EFBC}") = "Reports.Common", "Reports.Common\Reports.Common.csproj", "{056A1D37-3CC0-4EEB-A806-1E8D888BF11D}"
EndProject
Project("{FAE04EC0-301F-11D3-BF4B-00C04F79EFBC}") = "Reports.ReportPluginBase", "Reports.ReportPluginBase\Reports.ReportPluginBase.csproj", "{E7A7184D-EF53-4D39-877E-14C548676029}"
	ProjectSection(ProjectDependencies) = postProject
		{416187B1-84F7-4C47-A654-0B3C28C97902} = {416187B1-84F7-4C47-A654-0B3C28C97902}
	EndProjectSection
EndProject
Project("{FAE04EC0-301F-11D3-BF4B-00C04F79EFBC}") = "Reports.PluginPackager", "Reports.PluginPackager\Reports.PluginPackager.csproj", "{416187B1-84F7-4C47-A654-0B3C28C97902}"
EndProject
Project("{2150E333-8FDC-42A3-9474-1A3956D46DE8}") = "Reports", "Reports", "{AE7CB849-EE9B-4D3C-9951-446ABBF4640C}"
EndProject
Project("{2150E333-8FDC-42A3-9474-1A3956D46DE8}") = "SharedT4TextTemplate", "SharedT4TextTemplate", "{720A93F4-0EFB-4081-9368-CB89A3A5CF73}"
	ProjectSection(SolutionItems) = preProject
		Reports\SharedT4TextTemplateTransformation.tt = Reports\SharedT4TextTemplateTransformation.tt
	EndProjectSection
EndProject
Project("{FAE04EC0-301F-11D3-BF4B-00C04F79EFBC}") = "SoilMoisture", "Reports\SoilMoisture\SoilMoisture.csproj", "{11C96020-A362-4DC6-8C77-C6814542792D}"
EndProject
Project("{FAE04EC0-301F-11D3-BF4B-00C04F79EFBC}") = "RainfallMonthlyTotals", "Reports\RainfallMonthlyTotals\RainfallMonthlyTotals.csproj", "{5C69BB94-7E39-48D2-AB03-27F3094A39FB}"
EndProject
Project("{FAE04EC0-301F-11D3-BF4B-00C04F79EFBC}") = "RainfallSummary", "Reports\RainfallSummary\RainfallSummary.csproj", "{A8A1037E-C909-4161-A96A-FF8B56032006}"
EndProject
Project("{FAE04EC0-301F-11D3-BF4B-00C04F79EFBC}") = "DailyMeanDischarge", "Reports\DailyMeanDischarge\DailyMeanDischarge.csproj", "{629675A3-4FF5-4356-B97C-E3B5854AAFFC}"
EndProject
Project("{FAE04EC0-301F-11D3-BF4B-00C04F79EFBC}") = "DailyMidnightContents", "Reports\DailyMidnightContents\DailyMidnightContents.csproj", "{4EC322FF-FBF3-45B7-A565-5A1EF57EEBE4}"
EndProject
Project("{FAE04EC0-301F-11D3-BF4B-00C04F79EFBC}") = "USGSReservoir", "Reports\USGSReservoir\USGSReservoir.csproj", "{FEA99BA2-E2C7-4E0A-B79E-394E5E4F1169}"
EndProject
Project("{FAE04EC0-301F-11D3-BF4B-00C04F79EFBC}") = "DiscreteData", "Reports\DiscreteData\DiscreteData.csproj", "{AAC97F45-45C2-4E75-AA99-D06A56638C75}"
EndProject
Project("{FAE04EC0-301F-11D3-BF4B-00C04F79EFBC}") = "BenchmarkHistory", "Reports\BenchmarkHistory\BenchmarkHistory.csproj", "{CAF06BD8-6EC7-40FC-809B-7A657E1A1AF7}"
EndProject
Project("{FAE04EC0-301F-11D3-BF4B-00C04F79EFBC}") = "FieldActivity", "Reports\FieldActivity\FieldActivity.csproj", "{949CE9C1-D9AF-4CFC-BCC3-C0296AFCCAB3}"
EndProject
Project("{FAE04EC0-301F-11D3-BF4B-00C04F79EFBC}") = "Instrumentation", "Reports\Instrumentation\Instrumentation.csproj", "{8E1A3D4D-EF9E-4B5C-9BB5-25D6B82FDF46}"
EndProject
Project("{FAE04EC0-301F-11D3-BF4B-00C04F79EFBC}") = "DischargeMeasurementsR56", "Reports\DischargeMeasurementsR56\DischargeMeasurementsR56.csproj", "{289251D3-6D47-4976-A44D-0EB68378DDC9}"
EndProject
Project("{FAE04EC0-301F-11D3-BF4B-00C04F79EFBC}") = "ContinuousDataProduction", "Reports\ContinuousDataProduction\ContinuousDataProduction.csproj", "{2C4E5697-443B-4201-8205-023E641D4F14}"
EndProject
Project("{FAE04EC0-301F-11D3-BF4B-00C04F79EFBC}") = "MeasurementList", "Reports\MeasurementList\MeasurementList.csproj", "{DE0F67A7-5B4B-4A76-A3A0-74F124BE6660}"
EndProject
Project("{FAE04EC0-301F-11D3-BF4B-00C04F79EFBC}") = "RatingShiftAnalysis", "Reports\RatingShiftAnalysis\RatingShiftAnalysis.csproj", "{AEFFA081-9046-4E15-B0E7-488BC49F9170}"
EndProject
Project("{FAE04EC0-301F-11D3-BF4B-00C04F79EFBC}") = "RatingTable", "Reports\RatingTable\RatingTable.csproj", "{7BB0549F-B105-43A5-9F57-53AC4D6B6B8B}"
EndProject
Project("{FAE04EC0-301F-11D3-BF4B-00C04F79EFBC}") = "TimeSeriesPlot", "Reports\TimeSeriesPlot\TimeSeriesPlot.csproj", "{97178FE5-B319-4727-BB30-4AB50ACA006A}"
EndProject
Project("{FAE04EC0-301F-11D3-BF4B-00C04F79EFBC}") = "ProfileTable", "Reports\ProfileTable\ProfileTable.csproj", "{92A1D6CF-0557-4099-A74C-F2771C3977C9}"
EndProject
Project("{FAE04EC0-301F-11D3-BF4B-00C04F79EFBC}") = "USGSDailyMean", "Reports\USGSDailyMean\USGSDailyMean.csproj", "{E2CBBDA9-2BBE-42D3-A127-395BCD2BB9DC}"
EndProject
Project("{FAE04EC0-301F-11D3-BF4B-00C04F79EFBC}") = "TwelveMonthDailyMean", "Reports\TwelveMonthDailyMean\TwelveMonthDailyMean.csproj", "{246C793D-DC52-4D9F-B642-0DC8042E137D}"
EndProject
Global
	GlobalSection(SolutionConfigurationPlatforms) = preSolution
		Debug|Any CPU = Debug|Any CPU
		Release|Any CPU = Release|Any CPU
	EndGlobalSection
	GlobalSection(ProjectConfigurationPlatforms) = postSolution
		{056A1D37-3CC0-4EEB-A806-1E8D888BF11D}.Debug|Any CPU.ActiveCfg = Debug|Any CPU
		{056A1D37-3CC0-4EEB-A806-1E8D888BF11D}.Debug|Any CPU.Build.0 = Debug|Any CPU
		{056A1D37-3CC0-4EEB-A806-1E8D888BF11D}.Release|Any CPU.ActiveCfg = Release|Any CPU
		{056A1D37-3CC0-4EEB-A806-1E8D888BF11D}.Release|Any CPU.Build.0 = Release|Any CPU
		{E7A7184D-EF53-4D39-877E-14C548676029}.Debug|Any CPU.ActiveCfg = Debug|Any CPU
		{E7A7184D-EF53-4D39-877E-14C548676029}.Debug|Any CPU.Build.0 = Debug|Any CPU
		{E7A7184D-EF53-4D39-877E-14C548676029}.Release|Any CPU.ActiveCfg = Release|Any CPU
		{E7A7184D-EF53-4D39-877E-14C548676029}.Release|Any CPU.Build.0 = Release|Any CPU
		{416187B1-84F7-4C47-A654-0B3C28C97902}.Debug|Any CPU.ActiveCfg = Debug|Any CPU
		{416187B1-84F7-4C47-A654-0B3C28C97902}.Debug|Any CPU.Build.0 = Debug|Any CPU
		{416187B1-84F7-4C47-A654-0B3C28C97902}.Release|Any CPU.ActiveCfg = Release|Any CPU
		{416187B1-84F7-4C47-A654-0B3C28C97902}.Release|Any CPU.Build.0 = Release|Any CPU
		{11C96020-A362-4DC6-8C77-C6814542792D}.Debug|Any CPU.ActiveCfg = Debug|Any CPU
		{11C96020-A362-4DC6-8C77-C6814542792D}.Debug|Any CPU.Build.0 = Debug|Any CPU
		{11C96020-A362-4DC6-8C77-C6814542792D}.Release|Any CPU.ActiveCfg = Release|Any CPU
		{11C96020-A362-4DC6-8C77-C6814542792D}.Release|Any CPU.Build.0 = Release|Any CPU
		{5C69BB94-7E39-48D2-AB03-27F3094A39FB}.Debug|Any CPU.ActiveCfg = Debug|Any CPU
		{5C69BB94-7E39-48D2-AB03-27F3094A39FB}.Debug|Any CPU.Build.0 = Debug|Any CPU
		{5C69BB94-7E39-48D2-AB03-27F3094A39FB}.Release|Any CPU.ActiveCfg = Release|Any CPU
		{5C69BB94-7E39-48D2-AB03-27F3094A39FB}.Release|Any CPU.Build.0 = Release|Any CPU
		{A8A1037E-C909-4161-A96A-FF8B56032006}.Debug|Any CPU.ActiveCfg = Debug|Any CPU
		{A8A1037E-C909-4161-A96A-FF8B56032006}.Debug|Any CPU.Build.0 = Debug|Any CPU
		{A8A1037E-C909-4161-A96A-FF8B56032006}.Release|Any CPU.ActiveCfg = Release|Any CPU
		{A8A1037E-C909-4161-A96A-FF8B56032006}.Release|Any CPU.Build.0 = Release|Any CPU
		{629675A3-4FF5-4356-B97C-E3B5854AAFFC}.Debug|Any CPU.ActiveCfg = Debug|Any CPU
		{629675A3-4FF5-4356-B97C-E3B5854AAFFC}.Debug|Any CPU.Build.0 = Debug|Any CPU
		{629675A3-4FF5-4356-B97C-E3B5854AAFFC}.Release|Any CPU.ActiveCfg = Release|Any CPU
		{629675A3-4FF5-4356-B97C-E3B5854AAFFC}.Release|Any CPU.Build.0 = Release|Any CPU
		{4EC322FF-FBF3-45B7-A565-5A1EF57EEBE4}.Debug|Any CPU.ActiveCfg = Debug|Any CPU
		{4EC322FF-FBF3-45B7-A565-5A1EF57EEBE4}.Debug|Any CPU.Build.0 = Debug|Any CPU
		{4EC322FF-FBF3-45B7-A565-5A1EF57EEBE4}.Release|Any CPU.ActiveCfg = Release|Any CPU
		{4EC322FF-FBF3-45B7-A565-5A1EF57EEBE4}.Release|Any CPU.Build.0 = Release|Any CPU
		{FEA99BA2-E2C7-4E0A-B79E-394E5E4F1169}.Debug|Any CPU.ActiveCfg = Debug|Any CPU
		{FEA99BA2-E2C7-4E0A-B79E-394E5E4F1169}.Debug|Any CPU.Build.0 = Debug|Any CPU
		{FEA99BA2-E2C7-4E0A-B79E-394E5E4F1169}.Release|Any CPU.ActiveCfg = Release|Any CPU
		{FEA99BA2-E2C7-4E0A-B79E-394E5E4F1169}.Release|Any CPU.Build.0 = Release|Any CPU
		{AAC97F45-45C2-4E75-AA99-D06A56638C75}.Debug|Any CPU.ActiveCfg = Debug|Any CPU
		{AAC97F45-45C2-4E75-AA99-D06A56638C75}.Debug|Any CPU.Build.0 = Debug|Any CPU
		{AAC97F45-45C2-4E75-AA99-D06A56638C75}.Release|Any CPU.ActiveCfg = Release|Any CPU
		{AAC97F45-45C2-4E75-AA99-D06A56638C75}.Release|Any CPU.Build.0 = Release|Any CPU
		{CAF06BD8-6EC7-40FC-809B-7A657E1A1AF7}.Debug|Any CPU.ActiveCfg = Debug|Any CPU
		{CAF06BD8-6EC7-40FC-809B-7A657E1A1AF7}.Debug|Any CPU.Build.0 = Debug|Any CPU
		{CAF06BD8-6EC7-40FC-809B-7A657E1A1AF7}.Release|Any CPU.ActiveCfg = Release|Any CPU
		{CAF06BD8-6EC7-40FC-809B-7A657E1A1AF7}.Release|Any CPU.Build.0 = Release|Any CPU
		{949CE9C1-D9AF-4CFC-BCC3-C0296AFCCAB3}.Debug|Any CPU.ActiveCfg = Debug|Any CPU
		{949CE9C1-D9AF-4CFC-BCC3-C0296AFCCAB3}.Debug|Any CPU.Build.0 = Debug|Any CPU
		{949CE9C1-D9AF-4CFC-BCC3-C0296AFCCAB3}.Release|Any CPU.ActiveCfg = Release|Any CPU
		{949CE9C1-D9AF-4CFC-BCC3-C0296AFCCAB3}.Release|Any CPU.Build.0 = Release|Any CPU
		{8E1A3D4D-EF9E-4B5C-9BB5-25D6B82FDF46}.Debug|Any CPU.ActiveCfg = Debug|Any CPU
		{8E1A3D4D-EF9E-4B5C-9BB5-25D6B82FDF46}.Debug|Any CPU.Build.0 = Debug|Any CPU
		{8E1A3D4D-EF9E-4B5C-9BB5-25D6B82FDF46}.Release|Any CPU.ActiveCfg = Release|Any CPU
		{8E1A3D4D-EF9E-4B5C-9BB5-25D6B82FDF46}.Release|Any CPU.Build.0 = Release|Any CPU
		{289251D3-6D47-4976-A44D-0EB68378DDC9}.Debug|Any CPU.ActiveCfg = Debug|Any CPU
		{289251D3-6D47-4976-A44D-0EB68378DDC9}.Debug|Any CPU.Build.0 = Debug|Any CPU
		{289251D3-6D47-4976-A44D-0EB68378DDC9}.Release|Any CPU.ActiveCfg = Release|Any CPU
		{289251D3-6D47-4976-A44D-0EB68378DDC9}.Release|Any CPU.Build.0 = Release|Any CPU
		{2C4E5697-443B-4201-8205-023E641D4F14}.Debug|Any CPU.ActiveCfg = Debug|Any CPU
		{2C4E5697-443B-4201-8205-023E641D4F14}.Debug|Any CPU.Build.0 = Debug|Any CPU
		{2C4E5697-443B-4201-8205-023E641D4F14}.Release|Any CPU.ActiveCfg = Release|Any CPU
		{2C4E5697-443B-4201-8205-023E641D4F14}.Release|Any CPU.Build.0 = Release|Any CPU
		{DE0F67A7-5B4B-4A76-A3A0-74F124BE6660}.Debug|Any CPU.ActiveCfg = Debug|Any CPU
		{DE0F67A7-5B4B-4A76-A3A0-74F124BE6660}.Debug|Any CPU.Build.0 = Debug|Any CPU
		{DE0F67A7-5B4B-4A76-A3A0-74F124BE6660}.Release|Any CPU.ActiveCfg = Release|Any CPU
		{DE0F67A7-5B4B-4A76-A3A0-74F124BE6660}.Release|Any CPU.Build.0 = Release|Any CPU
		{AEFFA081-9046-4E15-B0E7-488BC49F9170}.Debug|Any CPU.ActiveCfg = Debug|Any CPU
		{AEFFA081-9046-4E15-B0E7-488BC49F9170}.Debug|Any CPU.Build.0 = Debug|Any CPU
		{AEFFA081-9046-4E15-B0E7-488BC49F9170}.Release|Any CPU.ActiveCfg = Release|Any CPU
		{AEFFA081-9046-4E15-B0E7-488BC49F9170}.Release|Any CPU.Build.0 = Release|Any CPU
		{7BB0549F-B105-43A5-9F57-53AC4D6B6B8B}.Debug|Any CPU.ActiveCfg = Debug|Any CPU
		{7BB0549F-B105-43A5-9F57-53AC4D6B6B8B}.Debug|Any CPU.Build.0 = Debug|Any CPU
		{7BB0549F-B105-43A5-9F57-53AC4D6B6B8B}.Release|Any CPU.ActiveCfg = Release|Any CPU
		{7BB0549F-B105-43A5-9F57-53AC4D6B6B8B}.Release|Any CPU.Build.0 = Release|Any CPU
		{97178FE5-B319-4727-BB30-4AB50ACA006A}.Debug|Any CPU.ActiveCfg = Debug|Any CPU
		{97178FE5-B319-4727-BB30-4AB50ACA006A}.Debug|Any CPU.Build.0 = Debug|Any CPU
		{97178FE5-B319-4727-BB30-4AB50ACA006A}.Release|Any CPU.ActiveCfg = Release|Any CPU
		{97178FE5-B319-4727-BB30-4AB50ACA006A}.Release|Any CPU.Build.0 = Release|Any CPU
		{92A1D6CF-0557-4099-A74C-F2771C3977C9}.Debug|Any CPU.ActiveCfg = Debug|Any CPU
		{92A1D6CF-0557-4099-A74C-F2771C3977C9}.Debug|Any CPU.Build.0 = Debug|Any CPU
		{92A1D6CF-0557-4099-A74C-F2771C3977C9}.Release|Any CPU.ActiveCfg = Release|Any CPU
		{92A1D6CF-0557-4099-A74C-F2771C3977C9}.Release|Any CPU.Build.0 = Release|Any CPU
		{E2CBBDA9-2BBE-42D3-A127-395BCD2BB9DC}.Debug|Any CPU.ActiveCfg = Debug|Any CPU
		{E2CBBDA9-2BBE-42D3-A127-395BCD2BB9DC}.Debug|Any CPU.Build.0 = Debug|Any CPU
		{E2CBBDA9-2BBE-42D3-A127-395BCD2BB9DC}.Release|Any CPU.ActiveCfg = Release|Any CPU
		{E2CBBDA9-2BBE-42D3-A127-395BCD2BB9DC}.Release|Any CPU.Build.0 = Release|Any CPU
		{246C793D-DC52-4D9F-B642-0DC8042E137D}.Debug|Any CPU.ActiveCfg = Debug|Any CPU
		{246C793D-DC52-4D9F-B642-0DC8042E137D}.Debug|Any CPU.Build.0 = Debug|Any CPU
		{246C793D-DC52-4D9F-B642-0DC8042E137D}.Release|Any CPU.ActiveCfg = Release|Any CPU
		{246C793D-DC52-4D9F-B642-0DC8042E137D}.Release|Any CPU.Build.0 = Release|Any CPU
	EndGlobalSection
	GlobalSection(SolutionProperties) = preSolution
		HideSolutionNode = FALSE
	EndGlobalSection
	GlobalSection(NestedProjects) = preSolution
		{720A93F4-0EFB-4081-9368-CB89A3A5CF73} = {AE7CB849-EE9B-4D3C-9951-446ABBF4640C}
		{11C96020-A362-4DC6-8C77-C6814542792D} = {AE7CB849-EE9B-4D3C-9951-446ABBF4640C}
		{5C69BB94-7E39-48D2-AB03-27F3094A39FB} = {AE7CB849-EE9B-4D3C-9951-446ABBF4640C}
		{A8A1037E-C909-4161-A96A-FF8B56032006} = {AE7CB849-EE9B-4D3C-9951-446ABBF4640C}
		{629675A3-4FF5-4356-B97C-E3B5854AAFFC} = {AE7CB849-EE9B-4D3C-9951-446ABBF4640C}
		{4EC322FF-FBF3-45B7-A565-5A1EF57EEBE4} = {AE7CB849-EE9B-4D3C-9951-446ABBF4640C}
		{FEA99BA2-E2C7-4E0A-B79E-394E5E4F1169} = {AE7CB849-EE9B-4D3C-9951-446ABBF4640C}
		{AAC97F45-45C2-4E75-AA99-D06A56638C75} = {AE7CB849-EE9B-4D3C-9951-446ABBF4640C}
		{CAF06BD8-6EC7-40FC-809B-7A657E1A1AF7} = {AE7CB849-EE9B-4D3C-9951-446ABBF4640C}
		{949CE9C1-D9AF-4CFC-BCC3-C0296AFCCAB3} = {AE7CB849-EE9B-4D3C-9951-446ABBF4640C}
		{8E1A3D4D-EF9E-4B5C-9BB5-25D6B82FDF46} = {AE7CB849-EE9B-4D3C-9951-446ABBF4640C}
		{289251D3-6D47-4976-A44D-0EB68378DDC9} = {AE7CB849-EE9B-4D3C-9951-446ABBF4640C}
		{2C4E5697-443B-4201-8205-023E641D4F14} = {AE7CB849-EE9B-4D3C-9951-446ABBF4640C}
		{DE0F67A7-5B4B-4A76-A3A0-74F124BE6660} = {AE7CB849-EE9B-4D3C-9951-446ABBF4640C}
		{AEFFA081-9046-4E15-B0E7-488BC49F9170} = {AE7CB849-EE9B-4D3C-9951-446ABBF4640C}
		{7BB0549F-B105-43A5-9F57-53AC4D6B6B8B} = {AE7CB849-EE9B-4D3C-9951-446ABBF4640C}
		{97178FE5-B319-4727-BB30-4AB50ACA006A} = {AE7CB849-EE9B-4D3C-9951-446ABBF4640C}
		{92A1D6CF-0557-4099-A74C-F2771C3977C9} = {AE7CB849-EE9B-4D3C-9951-446ABBF4640C}
		{E2CBBDA9-2BBE-42D3-A127-395BCD2BB9DC} = {AE7CB849-EE9B-4D3C-9951-446ABBF4640C}
		{246C793D-DC52-4D9F-B642-0DC8042E137D} = {AE7CB849-EE9B-4D3C-9951-446ABBF4640C}
	EndGlobalSection
	GlobalSection(ExtensibilityGlobals) = postSolution
		SolutionGuid = {EE1A8A78-29AC-43E5-8083-A27EB11F4054}
	EndGlobalSection
EndGlobal
